
Microsoft Visual Studio Solution File, Format Version 10.00
# Visual Studio 2008
Project("{FAE04EC0-301F-11D3-BF4B-00C04F79EFBC}") = "Yedda.Twitter", "Yedda.Twitter.csproj", "{B5F9706D-F56D-41BA-A5D8-291C3FB76DF4}"
EndProject
Global
	GlobalSection(SolutionConfigurationPlatforms) = preSolution
		Debug|Any CPU = Debug|Any CPU
		Release|Any CPU = Release|Any CPU
	EndGlobalSection
	GlobalSection(ProjectConfigurationPlatforms) = postSolution
		{B5F9706D-F56D-41BA-A5D8-291C3FB76DF4}.Debug|Any CPU.ActiveCfg = Debug|Any CPU
		{B5F9706D-F56D-41BA-A5D8-291C3FB76DF4}.Debug|Any CPU.Build.0 = Debug|Any CPU
		{B5F9706D-F56D-41BA-A5D8-291C3FB76DF4}.Release|Any CPU.ActiveCfg = Release|Any CPU
		{B5F9706D-F56D-41BA-A5D8-291C3FB76DF4}.Release|Any CPU.Build.0 = Release|Any CPU
	EndGlobalSection
	GlobalSection(SolutionProperties) = preSolution
		HideSolutionNode = FALSE
	EndGlobalSection
EndGlobal
