
Microsoft Visual Studio Solution File, Format Version 10.00
# Visual Studio 2008
# SharpDevelop 3.0.0.3437
Project("{FAE04EC0-301F-11D3-BF4B-00C04F79EFBC}") = "BooBaseDSLToys", "BooBaseDSLToys\BooBaseDSLToys.csproj", "{DBAB1A53-A60E-4CAB-8A56-3C75C2A64768}"
EndProject
Global
	GlobalSection(SolutionConfigurationPlatforms) = preSolution
		Debug|Any CPU = Debug|Any CPU
		Release|Any CPU = Release|Any CPU
	EndGlobalSection
	GlobalSection(ProjectConfigurationPlatforms) = postSolution
		{DBAB1A53-A60E-4CAB-8A56-3C75C2A64768}.Debug|Any CPU.Build.0 = Debug|Any CPU
		{DBAB1A53-A60E-4CAB-8A56-3C75C2A64768}.Debug|Any CPU.ActiveCfg = Debug|Any CPU
		{DBAB1A53-A60E-4CAB-8A56-3C75C2A64768}.Release|Any CPU.Build.0 = Release|Any CPU
		{DBAB1A53-A60E-4CAB-8A56-3C75C2A64768}.Release|Any CPU.ActiveCfg = Release|Any CPU
	EndGlobalSection
EndGlobal
